{
  "name": "l4s-quic-webtransport-bridge",
  "version": "1.0.0",
  "lockfileVersion": 3,
  "requires": true,
  "packages": {
    "": {
      "name": "l4s-quic-webtransport-bridge",
      "version": "1.0.0",
      "dependencies": {
        "@fails-components/webtransport": "^1.4.4",
        "@matrixai/quic": "^2.0.9",
        "@peculiar/webcrypto": "^1.5.0",
        "dotenv": "^16.4.0"
      }
    },
    "node_modules/@fails-components/webtransport": {
      "version": "1.4.4",
      "resolved": "https://registry.npmjs.org/@fails-components/webtransport/-/webtransport-1.4.4.tgz",
      "integrity": "sha512-WY8OQUIVGalyKgHAFpf8ea3ZuM15A9fcYJyPQePJ6cANTu+DNhy3otD761lkogM16Td8eH0D2P+MG129lJ+xAQ==",
      "license": "BSD-3-Clause",
      "dependencies": {
        "@types/debug": "^4.1.7",
        "bindings": "^1.5.0",
        "debug": "^4.3.4"
      },
      "engines": {
        "node": ">=20"
      }
    },
    "node_modules/@matrixai/async-cancellable": {
      "version": "2.0.1",
      "resolved": "https://registry.npmjs.org/@matrixai/async-cancellable/-/async-cancellable-2.0.1.tgz",
      "integrity": "sha512-4oZC7RMehzZCfyVLk33fOZpW1Nz4WFxuHzznrjFDBre6FmGb63jc2uWjwn+BKplqyby1J/sdJbjO0iqNcweWHg==",
      "license": "Apache-2.0"
    },
    "node_modules/@matrixai/async-init": {
      "version": "2.1.2",
      "resolved": "https://registry.npmjs.org/@matrixai/async-init/-/async-init-2.1.2.tgz",
      "integrity": "sha512-i8Hj9Q/FGM725/LpsUyXk2APHn6y7yV9VmPoayAMkzM54+7p9ylmyxIwpYzw1A2zslrgUUvszg++uSM4a+5REw==",
      "license": "Apache-2.0",
      "dependencies": {
        "@matrixai/async-locks": "^5.0.1",
        "@matrixai/errors": "^2.1.0",
        "@matrixai/events": "^4.0.0"
      }
    },
    "node_modules/@matrixai/async-locks": {
      "version": "5.0.2",
      "resolved": "https://registry.npmjs.org/@matrixai/async-locks/-/async-locks-5.0.2.tgz",
      "integrity": "sha512-YX3LUt4okyXPnDpx78PgPQybn8duh/FvWKx0t3UTaJW/0HL0/ZOQEEOsX1qefV1fQps1nKUHfjK1VeqZciCvXQ==",
      "license": "Apache-2.0",
      "dependencies": {
        "@matrixai/async-cancellable": "^2.0.0",
        "@matrixai/errors": "^2.0.1",
        "@matrixai/resources": "^2.0.0",
        "@matrixai/timer": "^2.0.0"
      }
    },
    "node_modules/@matrixai/contexts": {
      "version": "2.0.2",
      "resolved": "https://registry.npmjs.org/@matrixai/contexts/-/contexts-2.0.2.tgz",
      "integrity": "sha512-nI29nv2UP43s+hO+N8SDNxlDHHfj0Evypg5IxZ/Y04o6/InDhCQmZErxMu4ZAOTtt21yuI4zssPRcBQdhtQygA==",
      "license": "Apache-2.0",
      "dependencies": {
        "@matrixai/async-cancellable": "^2.0.0",
        "@matrixai/async-locks": "^5.0.1",
        "@matrixai/errors": "^2.1.2",
        "@matrixai/resources": "^2.0.0",
        "@matrixai/timer": "^2.1.0"
      }
    },
    "node_modules/@matrixai/errors": {
      "version": "2.1.3",
      "resolved": "https://registry.npmjs.org/@matrixai/errors/-/errors-2.1.3.tgz",
      "integrity": "sha512-uPH09OHLykjCdX17Piyc1P0kw3pkJC8l2ydr6LzcWUPmP8i38oO9oq2AqX21UeyeBhGvDcBzQk890GUMb6iOIA==",
      "license": "Apache-2.0",
      "dependencies": {
        "ts-custom-error": "3.2.2"
      }
    },
    "node_modules/@matrixai/events": {
      "version": "4.0.1",
      "resolved": "https://registry.npmjs.org/@matrixai/events/-/events-4.0.1.tgz",
      "integrity": "sha512-75hH7ZTmhM/VXeICXCPiVr/ZxQSoBwXh2HOI3AhD8AGYDDsEJsm4tnDSr/6vT3vS0ryZb3kb9mpAmCeibdrF3w==",
      "license": "Apache-2.0"
    },
    "node_modules/@matrixai/logger": {
      "version": "4.0.3",
      "resolved": "https://registry.npmjs.org/@matrixai/logger/-/logger-4.0.3.tgz",
      "integrity": "sha512-cu7e82iwN32H+K8HxsrvrWEYSEj7+RP/iVFhJ4RuacC8/BSOLFOYxry3EchVjrx4FP5G7QP1HnKYXAGpZN/46w==",
      "license": "Apache-2.0"
    },
    "node_modules/@matrixai/quic": {
      "version": "2.0.9",
      "resolved": "https://registry.npmjs.org/@matrixai/quic/-/quic-2.0.9.tgz",
      "integrity": "sha512-3Ld/RTZsqOVTggOYalt0U9yCmoseY9IfzUM+QOSU5+nxCs23ds4ol7dmbXon9NcGXsuePs6UkVFsNwwL7x9ZlQ==",
      "license": "Apache-2.0",
      "dependencies": {
        "@matrixai/async-cancellable": "^2.0.1",
        "@matrixai/async-init": "^2.1.2",
        "@matrixai/async-locks": "^5.0.2",
        "@matrixai/contexts": "^2.0.2",
        "@matrixai/errors": "^2.1.3",
        "@matrixai/events": "^4.0.1",
        "@matrixai/logger": "^4.0.3",
        "@matrixai/resources": "^2.0.1",
        "@matrixai/timer": "^2.1.1",
        "ip-num": "^1.5.0"
      },
      "optionalDependencies": {
        "@matrixai/quic-darwin-arm64": "2.0.9",
        "@matrixai/quic-darwin-universal": "2.0.9",
        "@matrixai/quic-darwin-x64": "2.0.9",
        "@matrixai/quic-linux-x64": "2.0.9",
        "@matrixai/quic-win32-x64": "2.0.9"
      }
    },
    "node_modules/@matrixai/quic-darwin-arm64": {
      "version": "2.0.9",
      "resolved": "https://registry.npmjs.org/@matrixai/quic-darwin-arm64/-/quic-darwin-arm64-2.0.9.tgz",
      "integrity": "sha512-PLJvRXmeTJ2OLPnnDP8GBbXjGns2ltouZOcZqJB60DTIR+ijH6LAflvCw+0JT6a6jByD3gjRqSUIGsPbK7OMWg==",
      "cpu": [
        "arm64"
      ],
      "license": "Apache-2.0",
      "optional": true,
      "os": [
        "darwin"
      ]
    },
    "node_modules/@matrixai/quic-darwin-universal": {
      "version": "2.0.9",
      "resolved": "https://registry.npmjs.org/@matrixai/quic-darwin-universal/-/quic-darwin-universal-2.0.9.tgz",
      "integrity": "sha512-WjhxEoHIrIVpxBrIJH1Iy9jXDJygniXZxqGKTJd5+VrBttPn7ab9Ywe2SEly6DTH+rk8UlhTQpSgqz1Z+v5eww==",
      "cpu": [
        "x64",
        "arm64"
      ],
      "license": "Apache-2.0",
      "optional": true,
      "os": [
        "darwin"
      ]
    },
    "node_modules/@matrixai/quic-darwin-x64": {
      "version": "2.0.9",
      "resolved": "https://registry.npmjs.org/@matrixai/quic-darwin-x64/-/quic-darwin-x64-2.0.9.tgz",
      "integrity": "sha512-J/RAWtbz7UMcaUTsgbbvBeXSwfZpq+DMkhfXhsqECgUwBAAsDW5UyZlemD/5mgYhYyFiwcaybOkttj11bKqyOg==",
      "cpu": [
        "x64"
      ],
      "license": "Apache-2.0",
      "optional": true,
      "os": [
        "darwin"
      ]
    },
    "node_modules/@matrixai/quic-linux-x64": {
      "version": "2.0.9",
      "resolved": "https://registry.npmjs.org/@matrixai/quic-linux-x64/-/quic-linux-x64-2.0.9.tgz",
      "integrity": "sha512-2m2mBp2c+qdlh3mBbHT7iHqLGPksFJGxxKWcJRJXiHUnyeh9M5gMXia2bWc7VXty0n6eGZak4txD8CPaeINDRQ==",
      "cpu": [
        "x64"
      ],
      "license": "Apache-2.0",
      "optional": true,
      "os": [
        "linux"
      ]
    },
    "node_modules/@matrixai/quic-win32-x64": {
      "version": "2.0.9",
      "resolved": "https://registry.npmjs.org/@matrixai/quic-win32-x64/-/quic-win32-x64-2.0.9.tgz",
      "integrity": "sha512-VNdEh74Db/pX2BByuYaZ/3haGCejrAfDmVe+7OD/FKlHyIJkicKWjhNaeTDK2Nh2laaRF54MDZV+1FqO6TGePg==",
      "cpu": [
        "x64"
      ],
      "license": "Apache-2.0",
      "optional": true,
      "os": [
        "win32"
      ]
    },
    "node_modules/@matrixai/resources": {
      "version": "2.0.1",
      "resolved": "https://registry.npmjs.org/@matrixai/resources/-/resources-2.0.1.tgz",
      "integrity": "sha512-qP7wDz1HnQY7wV4NxybAE+A+488D7bGkkdgk2TIRaw8/fTWENi9Y/AFvOJrdKt3q5rDybB4OeTJIkN5qULE35A==",
      "license": "Apache-2.0"
    },
    "node_modules/@matrixai/timer": {
      "version": "2.1.1",
      "resolved": "https://registry.npmjs.org/@matrixai/timer/-/timer-2.1.1.tgz",
      "integrity": "sha512-8N4t3eISASJttKIuQKitVfCNxfaUp1Tritg9/92biGDxVwoP+Err8FVrjG30yWz56K/H+T9xUcZ58AH/mk15Sw==",
      "license": "Apache-2.0",
      "dependencies": {
        "@matrixai/async-cancellable": "^2.0.0",
        "@matrixai/errors": "^2.0.1"
      }
    },
    "node_modules/@peculiar/asn1-schema": {
      "version": "2.5.0",
      "resolved": "https://registry.npmjs.org/@peculiar/asn1-schema/-/asn1-schema-2.5.0.tgz",
      "integrity": "sha512-YM/nFfskFJSlHqv59ed6dZlLZqtZQwjRVJ4bBAiWV08Oc+1rSd5lDZcBEx0lGDHfSoH3UziI2pXt2UM33KerPQ==",
      "license": "MIT",
      "dependencies": {
        "asn1js": "^3.0.6",
        "pvtsutils": "^1.3.6",
        "tslib": "^2.8.1"
      }
    },
    "node_modules/@peculiar/json-schema": {
      "version": "1.1.12",
      "resolved": "https://registry.npmjs.org/@peculiar/json-schema/-/json-schema-1.1.12.tgz",
      "integrity": "sha512-coUfuoMeIB7B8/NMekxaDzLhaYmp0HZNPEjYRm9goRou8UZIC3z21s0sL9AWoCw4EG876QyO3kYrc61WNF9B/w==",
      "license": "MIT",
      "dependencies": {
        "tslib": "^2.0.0"
      },
      "engines": {
        "node": ">=8.0.0"
      }
    },
    "node_modules/@peculiar/webcrypto": {
      "version": "1.5.0",
      "resolved": "https://registry.npmjs.org/@peculiar/webcrypto/-/webcrypto-1.5.0.tgz",
      "integrity": "sha512-BRs5XUAwiyCDQMsVA9IDvDa7UBR9gAvPHgugOeGng3YN6vJ9JYonyDc0lNczErgtCWtucjR5N7VtaonboD/ezg==",
      "license": "MIT",
      "dependencies": {
        "@peculiar/asn1-schema": "^2.3.8",
        "@peculiar/json-schema": "^1.1.12",
        "pvtsutils": "^1.3.5",
        "tslib": "^2.6.2",
        "webcrypto-core": "^1.8.0"
      },
      "engines": {
        "node": ">=10.12.0"
      }
    },
    "node_modules/@types/debug": {
      "version": "4.1.12",
      "resolved": "https://registry.npmjs.org/@types/debug/-/debug-4.1.12.tgz",
      "integrity": "sha512-vIChWdVG3LG1SMxEvI/AK+FWJthlrqlTu7fbrlywTkkaONwk/UAGaULXRlf8vkzFBLVm0zkMdCquhL5aOjhXPQ==",
      "license": "MIT",
      "dependencies": {
        "@types/ms": "*"
      }
    },
    "node_modules/@types/ms": {
      "version": "2.1.0",
      "resolved": "https://registry.npmjs.org/@types/ms/-/ms-2.1.0.tgz",
      "integrity": "sha512-GsCCIZDE/p3i96vtEqx+7dBUGXrc7zeSK3wwPHIaRThS+9OhWIXRqzs4d6k1SVU8g91DrNRWxWUGhp5KXQb2VA==",
      "license": "MIT"
    },
    "node_modules/asn1js": {
      "version": "3.0.6",
      "resolved": "https://registry.npmjs.org/asn1js/-/asn1js-3.0.6.tgz",
      "integrity": "sha512-UOCGPYbl0tv8+006qks/dTgV9ajs97X2p0FAbyS2iyCRrmLSRolDaHdp+v/CLgnzHc3fVB+CwYiUmei7ndFcgA==",
      "license": "BSD-3-Clause",
      "dependencies": {
        "pvtsutils": "^1.3.6",
        "pvutils": "^1.1.3",
        "tslib": "^2.8.1"
      },
      "engines": {
        "node": ">=12.0.0"
      }
    },
    "node_modules/bindings": {
      "version": "1.5.0",
      "resolved": "https://registry.npmjs.org/bindings/-/bindings-1.5.0.tgz",
      "integrity": "sha512-p2q/t/mhvuOj/UeLlV6566GD/guowlr0hHxClI0W9m7MWYkL1F0hLo+0Aexs9HSPCtR1SXQ0TD3MMKrXZajbiQ==",
      "license": "MIT",
      "dependencies": {
        "file-uri-to-path": "1.0.0"
      }
    },
    "node_modules/debug": {
      "version": "4.4.3",
      "resolved": "https://registry.npmjs.org/debug/-/debug-4.4.3.tgz",
      "integrity": "sha512-RGwwWnwQvkVfavKVt22FGLw+xYSdzARwm0ru6DhTVA3umU5hZc28V3kO4stgYryrTlLpuvgI9GiijltAjNbcqA==",
      "license": "MIT",
      "dependencies": {
        "ms": "^2.1.3"
      },
      "engines": {
        "node": ">=6.0"
      },
      "peerDependenciesMeta": {
        "supports-color": {
          "optional": true
        }
      }
    },
    "node_modules/dotenv": {
      "version": "16.6.1",
      "resolved": "https://registry.npmjs.org/dotenv/-/dotenv-16.6.1.tgz",
      "integrity": "sha512-uBq4egWHTcTt33a72vpSG0z3HnPuIl6NqYcTrKEg2azoEyl2hpW0zqlxysq2pK9HlDIHyHyakeYaYnSAwd8bow==",
      "license": "BSD-2-Clause",
      "engines": {
        "node": ">=12"
      },
      "funding": {
        "url": "https://dotenvx.com"
      }
    },
    "node_modules/file-uri-to-path": {
      "version": "1.0.0",
      "resolved": "https://registry.npmjs.org/file-uri-to-path/-/file-uri-to-path-1.0.0.tgz",
      "integrity": "sha512-0Zt+s3L7Vf1biwWZ29aARiVYLx7iMGnEUl9x33fbB/j3jR81u/O2LbqK+Bm1CDSNDKVtJ/YjwY7TUd5SkeLQLw==",
      "license": "MIT"
    },
    "node_modules/ip-num": {
      "version": "1.5.2",
      "resolved": "https://registry.npmjs.org/ip-num/-/ip-num-1.5.2.tgz",
      "integrity": "sha512-CUxHEJuJk74GIQA75LD9RDkpK/3NJv8yRnseOh79AlRmFwT1HgYPKDOiVkd0QVR5MNwMj9EnOnS1yJn9CaYNZA==",
      "license": "MIT"
    },
    "node_modules/ms": {
      "version": "2.1.3",
      "resolved": "https://registry.npmjs.org/ms/-/ms-2.1.3.tgz",
      "integrity": "sha512-6FlzubTLZG3J2a/NVCAleEhjzq5oxgHyaCU9yYXvcLsvoVaHJq/s5xXI6/XXP6tz7R9xAOtHnSO/tXtF3WRTlA==",
      "license": "MIT"
    },
    "node_modules/pvtsutils": {
      "version": "1.3.6",
      "resolved": "https://registry.npmjs.org/pvtsutils/-/pvtsutils-1.3.6.tgz",
      "integrity": "sha512-PLgQXQ6H2FWCaeRak8vvk1GW462lMxB5s3Jm673N82zI4vqtVUPuZdffdZbPDFRoU8kAhItWFtPCWiPpp4/EDg==",
      "license": "MIT",
      "dependencies": {
        "tslib": "^2.8.1"
      }
    },
    "node_modules/pvutils": {
      "version": "1.1.5",
      "resolved": "https://registry.npmjs.org/pvutils/-/pvutils-1.1.5.tgz",
      "integrity": "sha512-KTqnxsgGiQ6ZAzZCVlJH5eOjSnvlyEgx1m8bkRJfOhmGRqfo5KLvmAlACQkrjEtOQ4B7wF9TdSLIs9O90MX9xA==",
      "license": "MIT",
      "engines": {
        "node": ">=16.0.0"
      }
    },
    "node_modules/ts-custom-error": {
      "version": "3.2.2",
      "resolved": "https://registry.npmjs.org/ts-custom-error/-/ts-custom-error-3.2.2.tgz",
      "integrity": "sha512-u0YCNf2lf6T/vHm+POKZK1yFKWpSpJitcUN3HxqyEcFuNnHIDbyuIQC7QDy/PsBX3giFyk9rt6BFqBAh2lsDZQ==",
      "license": "MIT",
      "engines": {
        "node": ">=14.0.0"
      }
    },
    "node_modules/tslib": {
      "version": "2.8.1",
      "resolved": "https://registry.npmjs.org/tslib/-/tslib-2.8.1.tgz",
      "integrity": "sha512-oJFu94HQb+KVduSUQL7wnpmqnfmLsOA/nAh6b6EH0wCEoK0/mPeXU6c3wKDV83MkOuHPRHtSXKKU99IBazS/2w==",
      "license": "0BSD"
    },
    "node_modules/webcrypto-core": {
      "version": "1.8.1",
      "resolved": "https://registry.npmjs.org/webcrypto-core/-/webcrypto-core-1.8.1.tgz",
      "integrity": "sha512-P+x1MvlNCXlKbLSOY4cYrdreqPG5hbzkmawbcXLKN/mf6DZW0SdNNkZ+sjwsqVkI4A4Ko2sPZmkZtCKY58w83A==",
      "license": "MIT",
      "dependencies": {
        "@peculiar/asn1-schema": "^2.3.13",
        "@peculiar/json-schema": "^1.1.12",
        "asn1js": "^3.0.5",
        "pvtsutils": "^1.3.5",
        "tslib": "^2.7.0"
      }
    }
  }
}
